<?xml version="1.0" encoding="UTF-8" standalone="yes" ?>
<CodeBlocks_project_file>
	<FileVersion major="1" minor="6" />
	<Project>
		<Option title="build2" />
		<Option pch_mode="2" />
		<Option compiler="gcc" />
		<Build>
			<Target title="Debug">
				<Option output="bin/Debug/build2" prefix_auto="1" extension_auto="1" />
				<Option object_output="obj/Debug/" />
				<Option type="1" />
				<Option compiler="gcc" />
				<Compiler>
					<Add option="-g" />
					<Add directory="../../Program Files/CodeBlocks/SFML-2.5.1/include" />
				</Compiler>
				<Linker>
					<Add library="../../Program Files/CodeBlocks/SFML-2.5.1/lib/libFLAC.a" />
					<Add library="../../Program Files/CodeBlocks/SFML-2.5.1/lib/libfreetype.a" />
					<Add library="../../Program Files/CodeBlocks/SFML-2.5.1/lib/libogg.a" />
					<Add library="../../Program Files/CodeBlocks/SFML-2.5.1/lib/libopenal32.a" />
					<Add library="../../Program Files/CodeBlocks/SFML-2.5.1/lib/libsfml-audio.a" />
					<Add library="../../Program Files/CodeBlocks/SFML-2.5.1/lib/libsfml-audio-d.a" />
					<Add library="../../Program Files/CodeBlocks/SFML-2.5.1/lib/libsfml-audio-s.a" />
					<Add library="../../Program Files/CodeBlocks/SFML-2.5.1/lib/libsfml-audio-s-d.a" />
					<Add library="../../Program Files/CodeBlocks/SFML-2.5.1/lib/libsfml-graphics.a" />
					<Add library="../../Program Files/CodeBlocks/SFML-2.5.1/lib/libsfml-graphics-d.a" />
					<Add library="../../Program Files/CodeBlocks/SFML-2.5.1/lib/libsfml-graphics-s.a" />
					<Add library="../../Program Files/CodeBlocks/SFML-2.5.1/lib/libsfml-graphics-s-d.a" />
					<Add library="../../Program Files/CodeBlocks/SFML-2.5.1/lib/libsfml-main.a" />
					<Add library="../../Program Files/CodeBlocks/SFML-2.5.1/lib/libsfml-main-d.a" />
					<Add library="../../Program Files/CodeBlocks/SFML-2.5.1/lib/libsfml-network.a" />
					<Add library="../../Program Files/CodeBlocks/SFML-2.5.1/lib/libsfml-network-d.a" />
					<Add library="../../Program Files/CodeBlocks/SFML-2.5.1/lib/libsfml-network-s.a" />
					<Add library="../../Program Files/CodeBlocks/SFML-2.5.1/lib/libsfml-network-s-d.a" />
					<Add library="../../Program Files/CodeBlocks/SFML-2.5.1/lib/libsfml-system.a" />
					<Add library="../../Program Files/CodeBlocks/SFML-2.5.1/lib/libsfml-system-d.a" />
					<Add library="../../Program Files/CodeBlocks/SFML-2.5.1/lib/libsfml-system-s.a" />
					<Add library="../../Program Files/CodeBlocks/SFML-2.5.1/lib/libsfml-system-s-d.a" />
					<Add library="../../Program Files/CodeBlocks/SFML-2.5.1/lib/libsfml-window.a" />
					<Add library="../../Program Files/CodeBlocks/SFML-2.5.1/lib/libsfml-window-d.a" />
					<Add library="../../Program Files/CodeBlocks/SFML-2.5.1/lib/libsfml-window-s.a" />
					<Add library="../../Program Files/CodeBlocks/SFML-2.5.1/lib/libsfml-window-s-d.a" />
					<Add library="../../Program Files/CodeBlocks/SFML-2.5.1/lib/libvorbis.a" />
					<Add library="../../Program Files/CodeBlocks/SFML-2.5.1/lib/libvorbisenc.a" />
					<Add library="../../Program Files/CodeBlocks/SFML-2.5.1/lib/libvorbisfile.a" />
					<Add directory="../../Program Files/CodeBlocks/SFML-2.5.1/lib" />
				</Linker>
			</Target>
			<Target title="Release">
				<Option output="bin/Release/build2" prefix_auto="1" extension_auto="1" />
				<Option object_output="obj/Release/" />
				<Option type="1" />
				<Option compiler="gcc" />
				<Compiler>
					<Add option="-O2" />
				</Compiler>
				<Linker>
					<Add option="-s" />
				</Linker>
			</Target>
		</Build>
		<Compiler>
			<Add option="-Wall" />
			<Add option="-fexceptions" />
		</Compiler>
		<Unit filename="MainMenu.cpp" />
		<Unit filename="MainMenu.h" />
		<Unit filename="main.cpp" />
		<Extensions />
	</Project>
</CodeBlocks_project_file>
